
Microsoft Visual Studio Solution File, Format Version 12.00
# Visual Studio Version 16
VisualStudioVersion = 16.0.30804.86
MinimumVisualStudioVersion = 10.0.40219.1
Global
	GlobalSection(SolutionConfigurationPlatforms) = preSolution
		Debug|Any CPU = Debug|Any CPU
		Release|Any CPU = Release|Any CPU
	EndGlobalSection
	GlobalSection(ProjectConfigurationPlatforms) = postSolution
		{3D9C65EA-DA87-478A-BD21-493637AC0EF7}.Debug|Any CPU.ActiveCfg = Debug|Any CPU
		{3D9C65EA-DA87-478A-BD21-493637AC0EF7}.Debug|Any CPU.Build.0 = Debug|Any CPU
		{3D9C65EA-DA87-478A-BD21-493637AC0EF7}.Release|Any CPU.ActiveCfg = Release|Any CPU
		{3D9C65EA-DA87-478A-BD21-493637AC0EF7}.Release|Any CPU.Build.0 = Release|Any CPU
	EndGlobalSection
	GlobalSection(SolutionProperties) = preSolution
		HideSolutionNode = FALSE
	EndGlobalSection
	GlobalSection(ExtensibilityGlobals) = postSolution
		SolutionGuid = {4ECB389F-2033-45C0-840B-0B4A6AFE4010}
	EndGlobalSection
EndGlobal
